// !$*UTF8*$!
{
	archiveVersion = 1;
	classes = {
	};
	objectVersion = 46;
	objects = {

/* Begin PBXBuildFile section */
		26F7A08EE20C635F877203D7 /* Pods_GourmemoryUITests.framework in Frameworks */ = {isa = PBXBuildFile; fileRef = 444BF3629418F20D978B7761 /* Pods_GourmemoryUITests.framework */; };
		832E2C0C1E4348D4005DCB53 /* AppDelegate.swift in Sources */ = {isa = PBXBuildFile; fileRef = 832E2C0B1E4348D4005DCB53 /* AppDelegate.swift */; };
		832E2C0E1E4348D4005DCB53 /* ViewController.swift in Sources */ = {isa = PBXBuildFile; fileRef = 832E2C0D1E4348D4005DCB53 /* ViewController.swift */; };
		832E2C111E4348D4005DCB53 /* Main.storyboard in Resources */ = {isa = PBXBuildFile; fileRef = 832E2C0F1E4348D4005DCB53 /* Main.storyboard */; };
		832E2C131E4348D4005DCB53 /* Assets.xcassets in Resources */ = {isa = PBXBuildFile; fileRef = 832E2C121E4348D4005DCB53 /* Assets.xcassets */; };
		832E2C161E4348D4005DCB53 /* LaunchScreen.storyboard in Resources */ = {isa = PBXBuildFile; fileRef = 832E2C141E4348D4005DCB53 /* LaunchScreen.storyboard */; };
		832E2C211E4348D5005DCB53 /* GourmemoryTests.swift in Sources */ = {isa = PBXBuildFile; fileRef = 832E2C201E4348D5005DCB53 /* GourmemoryTests.swift */; };
		832E2C2C1E4348D5005DCB53 /* GourmemoryUITests.swift in Sources */ = {isa = PBXBuildFile; fileRef = 832E2C2B1E4348D5005DCB53 /* GourmemoryUITests.swift */; };
		8335B1DC1F46D40F003EC749 /* RealmFactory.swift in Sources */ = {isa = PBXBuildFile; fileRef = 8335B1DB1F46D40F003EC749 /* RealmFactory.swift */; };
		833FF7FA1EBB47790045F109 /* toViewController3.swift in Sources */ = {isa = PBXBuildFile; fileRef = 833FF7F91EBB47790045F109 /* toViewController3.swift */; };
		8359887F1EDE797400988863 /* Kiwami.swift in Sources */ = {isa = PBXBuildFile; fileRef = 8359887E1EDE797400988863 /* Kiwami.swift */; };
		836299431F4AD4070065056F /* アプリ@2x.png in Resources */ = {isa = PBXBuildFile; fileRef = 836299421F4AD4070065056F /* アプリ@2x.png */; };
		836299511F4D155C0065056F /* ParentTabBarController.swift in Sources */ = {isa = PBXBuildFile; fileRef = 836299501F4D155C0065056F /* ParentTabBarController.swift */; };
		836299581F4D1E710065056F /* a.png in Resources */ = {isa = PBXBuildFile; fileRef = 836299521F4D1E710065056F /* a.png */; };
		836299591F4D1E710065056F /* b.png in Resources */ = {isa = PBXBuildFile; fileRef = 836299531F4D1E710065056F /* b.png */; };
		8362995A1F4D1E710065056F /* c.png in Resources */ = {isa = PBXBuildFile; fileRef = 836299541F4D1E710065056F /* c.png */; };
		8362995B1F4D1E710065056F /* d.png in Resources */ = {isa = PBXBuildFile; fileRef = 836299551F4D1E710065056F /* d.png */; };
		8362995C1F4D1E710065056F /* e.png in Resources */ = {isa = PBXBuildFile; fileRef = 836299561F4D1E710065056F /* e.png */; };
		8362995D1F4D1E710065056F /* f.png in Resources */ = {isa = PBXBuildFile; fileRef = 836299571F4D1E710065056F /* f.png */; };
		8362995F1F4D201F0065056F /* Extension.swift in Sources */ = {isa = PBXBuildFile; fileRef = 8362995E1F4D201F0065056F /* Extension.swift */; };
		836299611F4D3ED90065056F /* カメラ.png in Resources */ = {isa = PBXBuildFile; fileRef = 836299601F4D3ED90065056F /* カメラ.png */; };
		8367C85E1E936ADC007D080C /* toViewController2.swift in Sources */ = {isa = PBXBuildFile; fileRef = 8367C85D1E936ADC007D080C /* toViewController2.swift */; };
		83BB54881F4EB69D005251CE /* CustomTableViewCell.xib in Resources */ = {isa = PBXBuildFile; fileRef = 83BB54871F4EB69D005251CE /* CustomTableViewCell.xib */; };
		83BB548A1F4ECF09005251CE /* ばつ.png in Resources */ = {isa = PBXBuildFile; fileRef = 83BB54891F4ECF09005251CE /* ばつ.png */; };
		83BB54931F4FFE0F005251CE /* Pods_Gourmemory.framework in Frameworks */ = {isa = PBXBuildFile; fileRef = CBA4AA3635E8A2A5903EE08F /* Pods_Gourmemory.framework */; };
		83CE70B11F4694AE008D1F6D /* TableTableViewController.swift in Sources */ = {isa = PBXBuildFile; fileRef = 83CE70B01F4694AE008D1F6D /* TableTableViewController.swift */; };
		83CE70B41F4694FF008D1F6D /* CustomTableViewCell.swift in Sources */ = {isa = PBXBuildFile; fileRef = 83CE70B21F4694FF008D1F6D /* CustomTableViewCell.swift */; };
		F032D6408FF4DBD6213698ED /* Pods_GourmemoryTests.framework in Frameworks */ = {isa = PBXBuildFile; fileRef = EE7E91A0BFC35A3413F0C937 /* Pods_GourmemoryTests.framework */; };
/* End PBXBuildFile section */

/* Begin PBXContainerItemProxy section */
		832E2C1D1E4348D5005DCB53 /* PBXContainerItemProxy */ = {
			isa = PBXContainerItemProxy;
			containerPortal = 832E2C001E4348D4005DCB53 /* Project object */;
			proxyType = 1;
			remoteGlobalIDString = 832E2C071E4348D4005DCB53;
			remoteInfo = Gourmemory;
		};
		832E2C281E4348D5005DCB53 /* PBXContainerItemProxy */ = {
			isa = PBXContainerItemProxy;
			containerPortal = 832E2C001E4348D4005DCB53 /* Project object */;
			proxyType = 1;
			remoteGlobalIDString = 832E2C071E4348D4005DCB53;
			remoteInfo = Gourmemory;
		};
/* End PBXContainerItemProxy section */

/* Begin PBXFileReference section */
		05430B1503E18342196A365B /* Pods-GourmemoryTests.release.xcconfig */ = {isa = PBXFileReference; includeInIndex = 1; lastKnownFileType = text.xcconfig; name = "Pods-GourmemoryTests.release.xcconfig"; path = "Pods/Target Support Files/Pods-GourmemoryTests/Pods-GourmemoryTests.release.xcconfig"; sourceTree = "<group>"; };
		31FA0AD9768C656675C4C908 /* Pods-Gourmemory.debug.xcconfig */ = {isa = PBXFileReference; includeInIndex = 1; lastKnownFileType = text.xcconfig; name = "Pods-Gourmemory.debug.xcconfig"; path = "Pods/Target Support Files/Pods-Gourmemory/Pods-Gourmemory.debug.xcconfig"; sourceTree = "<group>"; };
		444BF3629418F20D978B7761 /* Pods_GourmemoryUITests.framework */ = {isa = PBXFileReference; explicitFileType = wrapper.framework; includeInIndex = 0; path = Pods_GourmemoryUITests.framework; sourceTree = BUILT_PRODUCTS_DIR; };
		4868D04B706BE91CA4557022 /* Pods-GourmemoryUITests.release.xcconfig */ = {isa = PBXFileReference; includeInIndex = 1; lastKnownFileType = text.xcconfig; name = "Pods-GourmemoryUITests.release.xcconfig"; path = "Pods/Target Support Files/Pods-GourmemoryUITests/Pods-GourmemoryUITests.release.xcconfig"; sourceTree = "<group>"; };
		688E64B8FA1904106761B7C9 /* Pods-GourmemoryUITests.debug.xcconfig */ = {isa = PBXFileReference; includeInIndex = 1; lastKnownFileType = text.xcconfig; name = "Pods-GourmemoryUITests.debug.xcconfig"; path = "Pods/Target Support Files/Pods-GourmemoryUITests/Pods-GourmemoryUITests.debug.xcconfig"; sourceTree = "<group>"; };
		7417A75581239083FBA29C05 /* Pods-GourmemoryTests.debug.xcconfig */ = {isa = PBXFileReference; includeInIndex = 1; lastKnownFileType = text.xcconfig; name = "Pods-GourmemoryTests.debug.xcconfig"; path = "Pods/Target Support Files/Pods-GourmemoryTests/Pods-GourmemoryTests.debug.xcconfig"; sourceTree = "<group>"; };
		832E2C081E4348D4005DCB53 /* Gourmemory.app */ = {isa = PBXFileReference; explicitFileType = wrapper.application; includeInIndex = 0; path = Gourmemory.app; sourceTree = BUILT_PRODUCTS_DIR; };
		832E2C0B1E4348D4005DCB53 /* AppDelegate.swift */ = {isa = PBXFileReference; lastKnownFileType = sourcecode.swift; path = AppDelegate.swift; sourceTree = "<group>"; };
		832E2C0D1E4348D4005DCB53 /* ViewController.swift */ = {isa = PBXFileReference; lastKnownFileType = sourcecode.swift; path = ViewController.swift; sourceTree = "<group>"; };
		832E2C101E4348D4005DCB53 /* Base */ = {isa = PBXFileReference; lastKnownFileType = file.storyboard; name = Base; path = Base.lproj/Main.storyboard; sourceTree = "<group>"; };
		832E2C121E4348D4005DCB53 /* Assets.xcassets */ = {isa = PBXFileReference; lastKnownFileType = folder.assetcatalog; path = Assets.xcassets; sourceTree = "<group>"; };
		832E2C151E4348D4005DCB53 /* Base */ = {isa = PBXFileReference; lastKnownFileType = file.storyboard; name = Base; path = Base.lproj/LaunchScreen.storyboard; sourceTree = "<group>"; };
		832E2C171E4348D4005DCB53 /* Info.plist */ = {isa = PBXFileReference; lastKnownFileType = text.plist.xml; path = Info.plist; sourceTree = "<group>"; };
		832E2C1C1E4348D5005DCB53 /* GourmemoryTests.xctest */ = {isa = PBXFileReference; explicitFileType = wrapper.cfbundle; includeInIndex = 0; path = GourmemoryTests.xctest; sourceTree = BUILT_PRODUCTS_DIR; };
		832E2C201E4348D5005DCB53 /* GourmemoryTests.swift */ = {isa = PBXFileReference; lastKnownFileType = sourcecode.swift; path = GourmemoryTests.swift; sourceTree = "<group>"; };
		832E2C221E4348D5005DCB53 /* Info.plist */ = {isa = PBXFileReference; lastKnownFileType = text.plist.xml; path = Info.plist; sourceTree = "<group>"; };
		832E2C271E4348D5005DCB53 /* GourmemoryUITests.xctest */ = {isa = PBXFileReference; explicitFileType = wrapper.cfbundle; includeInIndex = 0; path = GourmemoryUITests.xctest; sourceTree = BUILT_PRODUCTS_DIR; };
		832E2C2B1E4348D5005DCB53 /* GourmemoryUITests.swift */ = {isa = PBXFileReference; lastKnownFileType = sourcecode.swift; path = GourmemoryUITests.swift; sourceTree = "<group>"; };
		832E2C2D1E4348D5005DCB53 /* Info.plist */ = {isa = PBXFileReference; lastKnownFileType = text.plist.xml; path = Info.plist; sourceTree = "<group>"; };
		8335B1DB1F46D40F003EC749 /* RealmFactory.swift */ = {isa = PBXFileReference; fileEncoding = 4; lastKnownFileType = sourcecode.swift; path = RealmFactory.swift; sourceTree = "<group>"; };
		833FF7F91EBB47790045F109 /* toViewController3.swift */ = {isa = PBXFileReference; fileEncoding = 4; lastKnownFileType = sourcecode.swift; path = toViewController3.swift; sourceTree = "<group>"; };
		8359887E1EDE797400988863 /* Kiwami.swift */ = {isa = PBXFileReference; fileEncoding = 4; lastKnownFileType = sourcecode.swift; path = Kiwami.swift; sourceTree = "<group>"; };
		836299421F4AD4070065056F /* アプリ@2x.png */ = {isa = PBXFileReference; lastKnownFileType = image.png; path = "アプリ@2x.png"; sourceTree = "<group>"; };
		836299501F4D155C0065056F /* ParentTabBarController.swift */ = {isa = PBXFileReference; fileEncoding = 4; lastKnownFileType = sourcecode.swift; path = ParentTabBarController.swift; sourceTree = "<group>"; };
		836299521F4D1E710065056F /* a.png */ = {isa = PBXFileReference; lastKnownFileType = image.png; path = a.png; sourceTree = "<group>"; };
		836299531F4D1E710065056F /* b.png */ = {isa = PBXFileReference; lastKnownFileType = image.png; path = b.png; sourceTree = "<group>"; };
		836299541F4D1E710065056F /* c.png */ = {isa = PBXFileReference; lastKnownFileType = image.png; path = c.png; sourceTree = "<group>"; };
		836299551F4D1E710065056F /* d.png */ = {isa = PBXFileReference; lastKnownFileType = image.png; path = d.png; sourceTree = "<group>"; };
		836299561F4D1E710065056F /* e.png */ = {isa = PBXFileReference; lastKnownFileType = image.png; path = e.png; sourceTree = "<group>"; };
		836299571F4D1E710065056F /* f.png */ = {isa = PBXFileReference; lastKnownFileType = image.png; path = f.png; sourceTree = "<group>"; };
		8362995E1F4D201F0065056F /* Extension.swift */ = {isa = PBXFileReference; fileEncoding = 4; lastKnownFileType = sourcecode.swift; path = Extension.swift; sourceTree = "<group>"; };
		836299601F4D3ED90065056F /* カメラ.png */ = {isa = PBXFileReference; lastKnownFileType = image.png; path = "カメラ.png"; sourceTree = "<group>"; };
		8367C85D1E936ADC007D080C /* toViewController2.swift */ = {isa = PBXFileReference; fileEncoding = 4; lastKnownFileType = sourcecode.swift; path = toViewController2.swift; sourceTree = "<group>"; };
		83BB54871F4EB69D005251CE /* CustomTableViewCell.xib */ = {isa = PBXFileReference; fileEncoding = 4; lastKnownFileType = file.xib; path = CustomTableViewCell.xib; sourceTree = "<group>"; };
		83BB54891F4ECF09005251CE /* ばつ.png */ = {isa = PBXFileReference; lastKnownFileType = image.png; path = "ばつ.png"; sourceTree = "<group>"; };
		83BB54911F4FF7A7005251CE /* Social.framework */ = {isa = PBXFileReference; lastKnownFileType = wrapper.framework; name = Social.framework; path = System/Library/Frameworks/Social.framework; sourceTree = SDKROOT; };
		83CE70B01F4694AE008D1F6D /* TableTableViewController.swift */ = {isa = PBXFileReference; fileEncoding = 4; lastKnownFileType = sourcecode.swift; path = TableTableViewController.swift; sourceTree = "<group>"; };
		83CE70B21F4694FF008D1F6D /* CustomTableViewCell.swift */ = {isa = PBXFileReference; fileEncoding = 4; lastKnownFileType = sourcecode.swift; path = CustomTableViewCell.swift; sourceTree = "<group>"; };
		8FCAB96D58E66A0B07A39D04 /* Pods-Gourmemory.release.xcconfig */ = {isa = PBXFileReference; includeInIndex = 1; lastKnownFileType = text.xcconfig; name = "Pods-Gourmemory.release.xcconfig"; path = "Pods/Target Support Files/Pods-Gourmemory/Pods-Gourmemory.release.xcconfig"; sourceTree = "<group>"; };
		CBA4AA3635E8A2A5903EE08F /* Pods_Gourmemory.framework */ = {isa = PBXFileReference; explicitFileType = wrapper.framework; includeInIndex = 0; path = Pods_Gourmemory.framework; sourceTree = BUILT_PRODUCTS_DIR; };
		EE7E91A0BFC35A3413F0C937 /* Pods_GourmemoryTests.framework */ = {isa = PBXFileReference; explicitFileType = wrapper.framework; includeInIndex = 0; path = Pods_GourmemoryTests.framework; sourceTree = BUILT_PRODUCTS_DIR; };
/* End PBXFileReference section */

/* Begin PBXFrameworksBuildPhase section */
		832E2C051E4348D4005DCB53 /* Frameworks */ = {
			isa = PBXFrameworksBuildPhase;
			buildActionMask = 2147483647;
			files = (
				83BB54931F4FFE0F005251CE /* Pods_Gourmemory.framework in Frameworks */,
			);
			runOnlyForDeploymentPostprocessing = 0;
		};
		832E2C191E4348D5005DCB53 /* Frameworks */ = {
			isa = PBXFrameworksBuildPhase;
			buildActionMask = 2147483647;
			files = (
				F032D6408FF4DBD6213698ED /* Pods_GourmemoryTests.framework in Frameworks */,
			);
			runOnlyForDeploymentPostprocessing = 0;
		};
		832E2C241E4348D5005DCB53 /* Frameworks */ = {
			isa = PBXFrameworksBuildPhase;
			buildActionMask = 2147483647;
			files = (
				26F7A08EE20C635F877203D7 /* Pods_GourmemoryUITests.framework in Frameworks */,
			);
			runOnlyForDeploymentPostprocessing = 0;
		};
/* End PBXFrameworksBuildPhase section */

/* Begin PBXGroup section */
		3F26BDF9D892467A8764ECFD /* Pods */ = {
			isa = PBXGroup;
			children = (
				31FA0AD9768C656675C4C908 /* Pods-Gourmemory.debug.xcconfig */,
				8FCAB96D58E66A0B07A39D04 /* Pods-Gourmemory.release.xcconfig */,
				7417A75581239083FBA29C05 /* Pods-GourmemoryTests.debug.xcconfig */,
				05430B1503E18342196A365B /* Pods-GourmemoryTests.release.xcconfig */,
				688E64B8FA1904106761B7C9 /* Pods-GourmemoryUITests.debug.xcconfig */,
				4868D04B706BE91CA4557022 /* Pods-GourmemoryUITests.release.xcconfig */,
			);
			name = Pods;
			sourceTree = "<group>";
		};
		832E2BFF1E4348D4005DCB53 = {
			isa = PBXGroup;
			children = (
				832E2C0A1E4348D4005DCB53 /* Gourmemory */,
				832E2C1F1E4348D5005DCB53 /* GourmemoryTests */,
				832E2C2A1E4348D5005DCB53 /* GourmemoryUITests */,
				832E2C091E4348D4005DCB53 /* Products */,
				3F26BDF9D892467A8764ECFD /* Pods */,
				A8E64DFC39A0896B511C4C01 /* Frameworks */,
			);
			sourceTree = "<group>";
		};
		832E2C091E4348D4005DCB53 /* Products */ = {
			isa = PBXGroup;
			children = (
				832E2C081E4348D4005DCB53 /* Gourmemory.app */,
				832E2C1C1E4348D5005DCB53 /* GourmemoryTests.xctest */,
				832E2C271E4348D5005DCB53 /* GourmemoryUITests.xctest */,
			);
			name = Products;
			sourceTree = "<group>";
		};
		832E2C0A1E4348D4005DCB53 /* Gourmemory */ = {
			isa = PBXGroup;
			children = (
				832E2C0F1E4348D4005DCB53 /* Main.storyboard */,
				832E2C0B1E4348D4005DCB53 /* AppDelegate.swift */,
				832E2C0D1E4348D4005DCB53 /* ViewController.swift */,
				8367C85D1E936ADC007D080C /* toViewController2.swift */,
				833FF7F91EBB47790045F109 /* toViewController3.swift */,
				83CE70B21F4694FF008D1F6D /* CustomTableViewCell.swift */,
				83BB54871F4EB69D005251CE /* CustomTableViewCell.xib */,
				83CE70B01F4694AE008D1F6D /* TableTableViewController.swift */,
				8359887E1EDE797400988863 /* Kiwami.swift */,
				8335B1DB1F46D40F003EC749 /* RealmFactory.swift */,
				832E2C141E4348D4005DCB53 /* LaunchScreen.storyboard */,
				8362995E1F4D201F0065056F /* Extension.swift */,
				836299501F4D155C0065056F /* ParentTabBarController.swift */,
				832E2C121E4348D4005DCB53 /* Assets.xcassets */,
				836299601F4D3ED90065056F /* カメラ.png */,
				83BB54891F4ECF09005251CE /* ばつ.png */,
				836299521F4D1E710065056F /* a.png */,
				836299531F4D1E710065056F /* b.png */,
				836299541F4D1E710065056F /* c.png */,
				836299551F4D1E710065056F /* d.png */,
				836299561F4D1E710065056F /* e.png */,
				836299571F4D1E710065056F /* f.png */,
				836299421F4AD4070065056F /* アプリ@2x.png */,
				832E2C171E4348D4005DCB53 /* Info.plist */,
			);
			path = Gourmemory;
			sourceTree = "<group>";
		};
		832E2C1F1E4348D5005DCB53 /* GourmemoryTests */ = {
			isa = PBXGroup;
			children = (
				832E2C201E4348D5005DCB53 /* GourmemoryTests.swift */,
				832E2C221E4348D5005DCB53 /* Info.plist */,
			);
			path = GourmemoryTests;
			sourceTree = "<group>";
		};
		832E2C2A1E4348D5005DCB53 /* GourmemoryUITests */ = {
			isa = PBXGroup;
			children = (
				832E2C2B1E4348D5005DCB53 /* GourmemoryUITests.swift */,
				832E2C2D1E4348D5005DCB53 /* Info.plist */,
			);
			path = GourmemoryUITests;
			sourceTree = "<group>";
		};
		A8E64DFC39A0896B511C4C01 /* Frameworks */ = {
			isa = PBXGroup;
			children = (
				83BB54911F4FF7A7005251CE /* Social.framework */,
				CBA4AA3635E8A2A5903EE08F /* Pods_Gourmemory.framework */,
				EE7E91A0BFC35A3413F0C937 /* Pods_GourmemoryTests.framework */,
				444BF3629418F20D978B7761 /* Pods_GourmemoryUITests.framework */,
			);
			name = Frameworks;
			sourceTree = "<group>";
		};
/* End PBXGroup section */

/* Begin PBXNativeTarget section */
		832E2C071E4348D4005DCB53 /* Gourmemory */ = {
			isa = PBXNativeTarget;
			buildConfigurationList = 832E2C301E4348D5005DCB53 /* Build configuration list for PBXNativeTarget "Gourmemory" */;
			buildPhases = (
				E2CB73347488D39F4B685C73 /* [CP] Check Pods Manifest.lock */,
				832E2C041E4348D4005DCB53 /* Sources */,
				832E2C051E4348D4005DCB53 /* Frameworks */,
				832E2C061E4348D4005DCB53 /* Resources */,
				4B5A05EBEF61FFCC8F039B16 /* [CP] Embed Pods Frameworks */,
				E7999B8FF8D34DC7F60997FB /* [CP] Copy Pods Resources */,
			);
			buildRules = (
			);
			dependencies = (
			);
			name = Gourmemory;
			productName = Gourmemory;
			productReference = 832E2C081E4348D4005DCB53 /* Gourmemory.app */;
			productType = "com.apple.product-type.application";
		};
		832E2C1B1E4348D5005DCB53 /* GourmemoryTests */ = {
			isa = PBXNativeTarget;
			buildConfigurationList = 832E2C331E4348D5005DCB53 /* Build configuration list for PBXNativeTarget "GourmemoryTests" */;
			buildPhases = (
				D9F679071F4025A08DD5B2B2 /* [CP] Check Pods Manifest.lock */,
				832E2C181E4348D5005DCB53 /* Sources */,
				832E2C191E4348D5005DCB53 /* Frameworks */,
				832E2C1A1E4348D5005DCB53 /* Resources */,
				DC5C885EE95B8FE6E271731C /* [CP] Embed Pods Frameworks */,
				D39B90FAEB50DE814FAEFD68 /* [CP] Copy Pods Resources */,
			);
			buildRules = (
			);
			dependencies = (
				832E2C1E1E4348D5005DCB53 /* PBXTargetDependency */,
			);
			name = GourmemoryTests;
			productName = GourmemoryTests;
			productReference = 832E2C1C1E4348D5005DCB53 /* GourmemoryTests.xctest */;
			productType = "com.apple.product-type.bundle.unit-test";
		};
		832E2C261E4348D5005DCB53 /* GourmemoryUITests */ = {
			isa = PBXNativeTarget;
			buildConfigurationList = 832E2C361E4348D5005DCB53 /* Build configuration list for PBXNativeTarget "GourmemoryUITests" */;
			buildPhases = (
				87C27F8B95485F9C3E95799F /* [CP] Check Pods Manifest.lock */,
				832E2C231E4348D5005DCB53 /* Sources */,
				832E2C241E4348D5005DCB53 /* Frameworks */,
				832E2C251E4348D5005DCB53 /* Resources */,
				9D2E4EBE4CB985024AD12387 /* [CP] Embed Pods Frameworks */,
				EE7B4115C7CB2E01988378C9 /* [CP] Copy Pods Resources */,
			);
			buildRules = (
			);
			dependencies = (
				832E2C291E4348D5005DCB53 /* PBXTargetDependency */,
			);
			name = GourmemoryUITests;
			productName = GourmemoryUITests;
			productReference = 832E2C271E4348D5005DCB53 /* GourmemoryUITests.xctest */;
			productType = "com.apple.product-type.bundle.ui-testing";
		};
/* End PBXNativeTarget section */

/* Begin PBXProject section */
		832E2C001E4348D4005DCB53 /* Project object */ = {
			isa = PBXProject;
			attributes = {
				LastSwiftUpdateCheck = 0820;
				LastUpgradeCheck = 0820;
				ORGANIZATIONNAME = Kiwami;
				TargetAttributes = {
					832E2C071E4348D4005DCB53 = {
						CreatedOnToolsVersion = 8.2.1;
						DevelopmentTeam = UWJ4P79UVK;
						ProvisioningStyle = Automatic;
					};
					832E2C1B1E4348D5005DCB53 = {
						CreatedOnToolsVersion = 8.2.1;
						ProvisioningStyle = Automatic;
						TestTargetID = 832E2C071E4348D4005DCB53;
					};
					832E2C261E4348D5005DCB53 = {
						CreatedOnToolsVersion = 8.2.1;
						ProvisioningStyle = Automatic;
						TestTargetID = 832E2C071E4348D4005DCB53;
					};
				};
			};
			buildConfigurationList = 832E2C031E4348D4005DCB53 /* Build configuration list for PBXProject "Gourmemory" */;
			compatibilityVersion = "Xcode 3.2";
			developmentRegion = English;
			hasScannedForEncodings = 0;
			knownRegions = (
				en,
				Base,
			);
			mainGroup = 832E2BFF1E4348D4005DCB53;
			productRefGroup = 832E2C091E4348D4005DCB53 /* Products */;
			projectDirPath = "";
			projectRoot = "";
			targets = (
				832E2C071E4348D4005DCB53 /* Gourmemory */,
				832E2C1B1E4348D5005DCB53 /* GourmemoryTests */,
				832E2C261E4348D5005DCB53 /* GourmemoryUITests */,
			);
		};
/* End PBXProject section */

/* Begin PBXResourcesBuildPhase section */
		832E2C061E4348D4005DCB53 /* Resources */ = {
			isa = PBXResourcesBuildPhase;
			buildActionMask = 2147483647;
			files = (
				8362995D1F4D1E710065056F /* f.png in Resources */,
				8362995B1F4D1E710065056F /* d.png in Resources */,
				83BB54881F4EB69D005251CE /* CustomTableViewCell.xib in Resources */,
				832E2C161E4348D4005DCB53 /* LaunchScreen.storyboard in Resources */,
				836299611F4D3ED90065056F /* カメラ.png in Resources */,
				836299431F4AD4070065056F /* アプリ@2x.png in Resources */,
				832E2C131E4348D4005DCB53 /* Assets.xcassets in Resources */,
				8362995A1F4D1E710065056F /* c.png in Resources */,
				8362995C1F4D1E710065056F /* e.png in Resources */,
				836299581F4D1E710065056F /* a.png in Resources */,
				83BB548A1F4ECF09005251CE /* ばつ.png in Resources */,
				832E2C111E4348D4005DCB53 /* Main.storyboard in Resources */,
				836299591F4D1E710065056F /* b.png in Resources */,
			);
			runOnlyForDeploymentPostprocessing = 0;
		};
		832E2C1A1E4348D5005DCB53 /* Resources */ = {
			isa = PBXResourcesBuildPhase;
			buildActionMask = 2147483647;
			files = (
			);
			runOnlyForDeploymentPostprocessing = 0;
		};
		832E2C251E4348D5005DCB53 /* Resources */ = {
			isa = PBXResourcesBuildPhase;
			buildActionMask = 2147483647;
			files = (
			);
			runOnlyForDeploymentPostprocessing = 0;
		};
/* End PBXResourcesBuildPhase section */

/* Begin PBXShellScriptBuildPhase section */
		4B5A05EBEF61FFCC8F039B16 /* [CP] Embed Pods Frameworks */ = {
			isa = PBXShellScriptBuildPhase;
			buildActionMask = 2147483647;
			files = (
			);
			inputPaths = (
			);
			name = "[CP] Embed Pods Frameworks";
			outputPaths = (
			);
			runOnlyForDeploymentPostprocessing = 0;
			shellPath = /bin/sh;
			shellScript = "\"${SRCROOT}/Pods/Target Support Files/Pods-Gourmemory/Pods-Gourmemory-frameworks.sh\"\n";
			showEnvVarsInLog = 0;
		};
		87C27F8B95485F9C3E95799F /* [CP] Check Pods Manifest.lock */ = {
			isa = PBXShellScriptBuildPhase;
			buildActionMask = 2147483647;
			files = (
			);
			inputPaths = (
			);
			name = "[CP] Check Pods Manifest.lock";
			outputPaths = (
			);
			runOnlyForDeploymentPostprocessing = 0;
			shellPath = /bin/sh;
			shellScript = "diff \"${PODS_PODFILE_DIR_PATH}/Podfile.lock\" \"${PODS_ROOT}/Manifest.lock\" > /dev/null\nif [ $? != 0 ] ; then\n    # print error to STDERR\n    echo \"error: The sandbox is not in sync with the Podfile.lock. Run 'pod install' or update your CocoaPods installation.\" >&2\n    exit 1\nfi\n";
			showEnvVarsInLog = 0;
		};
		9D2E4EBE4CB985024AD12387 /* [CP] Embed Pods Frameworks */ = {
			isa = PBXShellScriptBuildPhase;
			buildActionMask = 2147483647;
			files = (
			);
			inputPaths = (
			);
			name = "[CP] Embed Pods Frameworks";
			outputPaths = (
			);
			runOnlyForDeploymentPostprocessing = 0;
			shellPath = /bin/sh;
			shellScript = "\"${SRCROOT}/Pods/Target Support Files/Pods-GourmemoryUITests/Pods-GourmemoryUITests-frameworks.sh\"\n";
			showEnvVarsInLog = 0;
		};
		D39B90FAEB50DE814FAEFD68 /* [CP] Copy Pods Resources */ = {
			isa = PBXShellScriptBuildPhase;
			buildActionMask = 2147483647;
			files = (
			);
			inputPaths = (
			);
			name = "[CP] Copy Pods Resources";
			outputPaths = (
			);
			runOnlyForDeploymentPostprocessing = 0;
			shellPath = /bin/sh;
			shellScript = "\"${SRCROOT}/Pods/Target Support Files/Pods-GourmemoryTests/Pods-GourmemoryTests-resources.sh\"\n";
			showEnvVarsInLog = 0;
		};
		D9F679071F4025A08DD5B2B2 /* [CP] Check Pods Manifest.lock */ = {
			isa = PBXShellScriptBuildPhase;
			buildActionMask = 2147483647;
			files = (
			);
			inputPaths = (
			);
			name = "[CP] Check Pods Manifest.lock";
			outputPaths = (
			);
			runOnlyForDeploymentPostprocessing = 0;
			shellPath = /bin/sh;
			shellScript = "diff \"${PODS_PODFILE_DIR_PATH}/Podfile.lock\" \"${PODS_ROOT}/Manifest.lock\" > /dev/null\nif [ $? != 0 ] ; then\n    # print error to STDERR\n    echo \"error: The sandbox is not in sync with the Podfile.lock. Run 'pod install' or update your CocoaPods installation.\" >&2\n    exit 1\nfi\n";
			showEnvVarsInLog = 0;
		};
		DC5C885EE95B8FE6E271731C /* [CP] Embed Pods Frameworks */ = {
			isa = PBXShellScriptBuildPhase;
			buildActionMask = 2147483647;
			files = (
			);
			inputPaths = (
			);
			name = "[CP] Embed Pods Frameworks";
			outputPaths = (
			);
			runOnlyForDeploymentPostprocessing = 0;
			shellPath = /bin/sh;
			shellScript = "\"${SRCROOT}/Pods/Target Support Files/Pods-GourmemoryTests/Pods-GourmemoryTests-frameworks.sh\"\n";
			showEnvVarsInLog = 0;
		};
		E2CB73347488D39F4B685C73 /* [CP] Check Pods Manifest.lock */ = {
			isa = PBXShellScriptBuildPhase;
			buildActionMask = 2147483647;
			files = (
			);
			inputPaths = (
			);
			name = "[CP] Check Pods Manifest.lock";
			outputPaths = (
			);
			runOnlyForDeploymentPostprocessing = 0;
			shellPath = /bin/sh;
			shellScript = "diff \"${PODS_PODFILE_DIR_PATH}/Podfile.lock\" \"${PODS_ROOT}/Manifest.lock\" > /dev/null\nif [ $? != 0 ] ; then\n    # print error to STDERR\n    echo \"error: The sandbox is not in sync with the Podfile.lock. Run 'pod install' or update your CocoaPods installation.\" >&2\n    exit 1\nfi\n";
			showEnvVarsInLog = 0;
		};
		E7999B8FF8D34DC7F60997FB /* [CP] Copy Pods Resources */ = {
			isa = PBXShellScriptBuildPhase;
			buildActionMask = 2147483647;
			files = (
			);
			inputPaths = (
			);
			name = "[CP] Copy Pods Resources";
			outputPaths = (
			);
			runOnlyForDeploymentPostprocessing = 0;
			shellPath = /bin/sh;
			shellScript = "\"${SRCROOT}/Pods/Target Support Files/Pods-Gourmemory/Pods-Gourmemory-resources.sh\"\n";
			showEnvVarsInLog = 0;
		};
		EE7B4115C7CB2E01988378C9 /* [CP] Copy Pods Resources */ = {
			isa = PBXShellScriptBuildPhase;
			buildActionMask = 2147483647;
			files = (
			);
			inputPaths = (
			);
			name = "[CP] Copy Pods Resources";
			outputPaths = (
			);
			runOnlyForDeploymentPostprocessing = 0;
			shellPath = /bin/sh;
			shellScript = "\"${SRCROOT}/Pods/Target Support Files/Pods-GourmemoryUITests/Pods-GourmemoryUITests-resources.sh\"\n";
			showEnvVarsInLog = 0;
		};
/* End PBXShellScriptBuildPhase section */

/* Begin PBXSourcesBuildPhase section */
		832E2C041E4348D4005DCB53 /* Sources */ = {
			isa = PBXSourcesBuildPhase;
			buildActionMask = 2147483647;
			files = (
				832E2C0E1E4348D4005DCB53 /* ViewController.swift in Sources */,
				83CE70B41F4694FF008D1F6D /* CustomTableViewCell.swift in Sources */,
				832E2C0C1E4348D4005DCB53 /* AppDelegate.swift in Sources */,
				8367C85E1E936ADC007D080C /* toViewController2.swift in Sources */,
				8335B1DC1F46D40F003EC749 /* RealmFactory.swift in Sources */,
				83CE70B11F4694AE008D1F6D /* TableTableViewController.swift in Sources */,
				833FF7FA1EBB47790045F109 /* toViewController3.swift in Sources */,
				8359887F1EDE797400988863 /* Kiwami.swift in Sources */,
				8362995F1F4D201F0065056F /* Extension.swift in Sources */,
				836299511F4D155C0065056F /* ParentTabBarController.swift in Sources */,
			);
			runOnlyForDeploymentPostprocessing = 0;
		};
		832E2C181E4348D5005DCB53 /* Sources */ = {
			isa = PBXSourcesBuildPhase;
			buildActionMask = 2147483647;
			files = (
				832E2C211E4348D5005DCB53 /* GourmemoryTests.swift in Sources */,
			);
			runOnlyForDeploymentPostprocessing = 0;
		};
		832E2C231E4348D5005DCB53 /* Sources */ = {
			isa = PBXSourcesBuildPhase;
			buildActionMask = 2147483647;
			files = (
				832E2C2C1E4348D5005DCB53 /* GourmemoryUITests.swift in Sources */,
			);
			runOnlyForDeploymentPostprocessing = 0;
		};
/* End PBXSourcesBuildPhase section */

/* Begin PBXTargetDependency section */
		832E2C1E1E4348D5005DCB53 /* PBXTargetDependency */ = {
			isa = PBXTargetDependency;
			target = 832E2C071E4348D4005DCB53 /* Gourmemory */;
			targetProxy = 832E2C1D1E4348D5005DCB53 /* PBXContainerItemProxy */;
		};
		832E2C291E4348D5005DCB53 /* PBXTargetDependency */ = {
			isa = PBXTargetDependency;
			target = 832E2C071E4348D4005DCB53 /* Gourmemory */;
			targetProxy = 832E2C281E4348D5005DCB53 /* PBXContainerItemProxy */;
		};
/* End PBXTargetDependency section */

/* Begin PBXVariantGroup section */
		832E2C0F1E4348D4005DCB53 /* Main.storyboard */ = {
			isa = PBXVariantGroup;
			children = (
				832E2C101E4348D4005DCB53 /* Base */,
			);
			name = Main.storyboard;
			sourceTree = "<group>";
		};
		832E2C141E4348D4005DCB53 /* LaunchScreen.storyboard */ = {
			isa = PBXVariantGroup;
			children = (
				832E2C151E4348D4005DCB53 /* Base */,
			);
			name = LaunchScreen.storyboard;
			sourceTree = "<group>";
		};
/* End PBXVariantGroup section */

/* Begin XCBuildConfiguration section */
		832E2C2E1E4348D5005DCB53 /* Debug */ = {
			isa = XCBuildConfiguration;
			buildSettings = {
				ALWAYS_SEARCH_USER_PATHS = NO;
				CLANG_ANALYZER_NONNULL = YES;
				CLANG_CXX_LANGUAGE_STANDARD = "gnu++0x";
				CLANG_CXX_LIBRARY = "libc++";
				CLANG_ENABLE_MODULES = YES;
				CLANG_ENABLE_OBJC_ARC = YES;
				CLANG_WARN_BOOL_CONVERSION = YES;
				CLANG_WARN_CONSTANT_CONVERSION = YES;
				CLANG_WARN_DIRECT_OBJC_ISA_USAGE = YES_ERROR;
				CLANG_WARN_DOCUMENTATION_COMMENTS = YES;
				CLANG_WARN_EMPTY_BODY = YES;
				CLANG_WARN_ENUM_CONVERSION = YES;
				CLANG_WARN_INFINITE_RECURSION = YES;
				CLANG_WARN_INT_CONVERSION = YES;
				CLANG_WARN_OBJC_ROOT_CLASS = YES_ERROR;
				CLANG_WARN_SUSPICIOUS_MOVE = YES;
				CLANG_WARN_UNREACHABLE_CODE = YES;
				CLANG_WARN__DUPLICATE_METHOD_MATCH = YES;
				"CODE_SIGN_IDENTITY[sdk=iphoneos*]" = "iPhone Developer";
				COPY_PHASE_STRIP = NO;
				DEBUG_INFORMATION_FORMAT = dwarf;
				ENABLE_STRICT_OBJC_MSGSEND = YES;
				ENABLE_TESTABILITY = YES;
				GCC_C_LANGUAGE_STANDARD = gnu99;
				GCC_DYNAMIC_NO_PIC = NO;
				GCC_NO_COMMON_BLOCKS = YES;
				GCC_OPTIMIZATION_LEVEL = 0;
				GCC_PREPROCESSOR_DEFINITIONS = (
					"DEBUG=1",
					"$(inherited)",
				);
				GCC_WARN_64_TO_32_BIT_CONVERSION = YES;
				GCC_WARN_ABOUT_RETURN_TYPE = YES_ERROR;
				GCC_WARN_UNDECLARED_SELECTOR = YES;
				GCC_WARN_UNINITIALIZED_AUTOS = YES_AGGRESSIVE;
				GCC_WARN_UNUSED_FUNCTION = YES;
				GCC_WARN_UNUSED_VARIABLE = YES;
				IPHONEOS_DEPLOYMENT_TARGET = 10.2;
				MTL_ENABLE_DEBUG_INFO = YES;
				ONLY_ACTIVE_ARCH = YES;
				SDKROOT = iphoneos;
				SWIFT_ACTIVE_COMPILATION_CONDITIONS = DEBUG;
				SWIFT_OPTIMIZATION_LEVEL = "-Onone";
			};
			name = Debug;
		};
		832E2C2F1E4348D5005DCB53 /* Release */ = {
			isa = XCBuildConfiguration;
			buildSettings = {
				ALWAYS_SEARCH_USER_PATHS = NO;
				CLANG_ANALYZER_NONNULL = YES;
				CLANG_CXX_LANGUAGE_STANDARD = "gnu++0x";
				CLANG_CXX_LIBRARY = "libc++";
				CLANG_ENABLE_MODULES = YES;
				CLANG_ENABLE_OBJC_ARC = YES;
				CLANG_WARN_BOOL_CONVERSION = YES;
				CLANG_WARN_CONSTANT_CONVERSION = YES;
				CLANG_WARN_DIRECT_OBJC_ISA_USAGE = YES_ERROR;
				CLANG_WARN_DOCUMENTATION_COMMENTS = YES;
				CLANG_WARN_EMPTY_BODY = YES;
				CLANG_WARN_ENUM_CONVERSION = YES;
				CLANG_WARN_INFINITE_RECURSION = YES;
				CLANG_WARN_INT_CONVERSION = YES;
				CLANG_WARN_OBJC_ROOT_CLASS = YES_ERROR;
				CLANG_WARN_SUSPICIOUS_MOVE = YES;
				CLANG_WARN_UNREACHABLE_CODE = YES;
				CLANG_WARN__DUPLICATE_METHOD_MATCH = YES;
				"CODE_SIGN_IDENTITY[sdk=iphoneos*]" = "iPhone Developer";
				COPY_PHASE_STRIP = NO;
				DEBUG_INFORMATION_FORMAT = "dwarf-with-dsym";
				ENABLE_NS_ASSERTIONS = NO;
				ENABLE_STRICT_OBJC_MSGSEND = YES;
				GCC_C_LANGUAGE_STANDARD = gnu99;
				GCC_NO_COMMON_BLOCKS = YES;
				GCC_WARN_64_TO_32_BIT_CONVERSION = YES;
				GCC_WARN_ABOUT_RETURN_TYPE = YES_ERROR;
				GCC_WARN_UNDECLARED_SELECTOR = YES;
				GCC_WARN_UNINITIALIZED_AUTOS = YES_AGGRESSIVE;
				GCC_WARN_UNUSED_FUNCTION = YES;
				GCC_WARN_UNUSED_VARIABLE = YES;
				IPHONEOS_DEPLOYMENT_TARGET = 10.2;
				MTL_ENABLE_DEBUG_INFO = NO;
				SDKROOT = iphoneos;
				SWIFT_OPTIMIZATION_LEVEL = "-Owholemodule";
				VALIDATE_PRODUCT = YES;
			};
			name = Release;
		};
		832E2C311E4348D5005DCB53 /* Debug */ = {
			isa = XCBuildConfiguration;
			baseConfigurationReference = 31FA0AD9768C656675C4C908 /* Pods-Gourmemory.debug.xcconfig */;
			buildSettings = {
				ASSETCATALOG_COMPILER_APPICON_NAME = AppIcon;
				DEVELOPMENT_TEAM = UWJ4P79UVK;
				INFOPLIST_FILE = Gourmemory/Info.plist;
				LD_RUNPATH_SEARCH_PATHS = "$(inherited) @executable_path/Frameworks";
				PRODUCT_BUNDLE_IDENTIFIER = com.kii.Gourmemory;
				PRODUCT_NAME = "$(TARGET_NAME)";
				SWIFT_VERSION = 3.0;
			};
			name = Debug;
		};
		832E2C321E4348D5005DCB53 /* Release */ = {
			isa = XCBuildConfiguration;
			baseConfigurationReference = 8FCAB96D58E66A0B07A39D04 /* Pods-Gourmemory.release.xcconfig */;
			buildSettings = {
				ASSETCATALOG_COMPILER_APPICON_NAME = AppIcon;
				DEVELOPMENT_TEAM = UWJ4P79UVK;
				INFOPLIST_FILE = Gourmemory/Info.plist;
				LD_RUNPATH_SEARCH_PATHS = "$(inherited) @executable_path/Frameworks";
				PRODUCT_BUNDLE_IDENTIFIER = com.kii.Gourmemory;
				PRODUCT_NAME = "$(TARGET_NAME)";
				SWIFT_VERSION = 3.0;
			};
			name = Release;
		};
		832E2C341E4348D5005DCB53 /* Debug */ = {
			isa = XCBuildConfiguration;
			baseConfigurationReference = 7417A75581239083FBA29C05 /* Pods-GourmemoryTests.debug.xcconfig */;
			buildSettings = {
				ALWAYS_EMBED_SWIFT_STANDARD_LIBRARIES = YES;
				BUNDLE_LOADER = "$(TEST_HOST)";
				INFOPLIST_FILE = GourmemoryTests/Info.plist;
				LD_RUNPATH_SEARCH_PATHS = "$(inherited) @executable_path/Frameworks @loader_path/Frameworks";
				PRODUCT_BUNDLE_IDENTIFIER = com.kii.GourmemoryTests;
				PRODUCT_NAME = "$(TARGET_NAME)";
				SWIFT_VERSION = 3.0;
				TEST_HOST = "$(BUILT_PRODUCTS_DIR)/Gourmemory.app/Gourmemory";
			};
			name = Debug;
		};
		832E2C351E4348D5005DCB53 /* Release */ = {
			isa = XCBuildConfiguration;
			baseConfigurationReference = 05430B1503E18342196A365B /* Pods-GourmemoryTests.release.xcconfig */;
			buildSettings = {
				ALWAYS_EMBED_SWIFT_STANDARD_LIBRARIES = YES;
				BUNDLE_LOADER = "$(TEST_HOST)";
				INFOPLIST_FILE = GourmemoryTests/Info.plist;
				LD_RUNPATH_SEARCH_PATHS = "$(inherited) @executable_path/Frameworks @loader_path/Frameworks";
				PRODUCT_BUNDLE_IDENTIFIER = com.kii.GourmemoryTests;
				PRODUCT_NAME = "$(TARGET_NAME)";
				SWIFT_VERSION = 3.0;
				TEST_HOST = "$(BUILT_PRODUCTS_DIR)/Gourmemory.app/Gourmemory";
			};
			name = Release;
		};
		832E2C371E4348D5005DCB53 /* Debug */ = {
			isa = XCBuildConfiguration;
			baseConfigurationReference = 688E64B8FA1904106761B7C9 /* Pods-GourmemoryUITests.debug.xcconfig */;
			buildSettings = {
				ALWAYS_EMBED_SWIFT_STANDARD_LIBRARIES = YES;
				INFOPLIST_FILE = GourmemoryUITests/Info.plist;
				LD_RUNPATH_SEARCH_PATHS = "$(inherited) @executable_path/Frameworks @loader_path/Frameworks";
				PRODUCT_BUNDLE_IDENTIFIER = com.kii.GourmemoryUITests;
				PRODUCT_NAME = "$(TARGET_NAME)";
				SWIFT_VERSION = 3.0;
				TEST_TARGET_NAME = Gourmemory;
			};
			name = Debug;
		};
		832E2C381E4348D5005DCB53 /* Release */ = {
			isa = XCBuildConfiguration;
			baseConfigurationReference = 4868D04B706BE91CA4557022 /* Pods-GourmemoryUITests.release.xcconfig */;
			buildSettings = {
				ALWAYS_EMBED_SWIFT_STANDARD_LIBRARIES = YES;
				INFOPLIST_FILE = GourmemoryUITests/Info.plist;
				LD_RUNPATH_SEARCH_PATHS = "$(inherited) @executable_path/Frameworks @loader_path/Frameworks";
				PRODUCT_BUNDLE_IDENTIFIER = com.kii.GourmemoryUITests;
				PRODUCT_NAME = "$(TARGET_NAME)";
				SWIFT_VERSION = 3.0;
				TEST_TARGET_NAME = Gourmemory;
			};
			name = Release;
		};
/* End XCBuildConfiguration section */

/* Begin XCConfigurationList section */
		832E2C031E4348D4005DCB53 /* Build configuration list for PBXProject "Gourmemory" */ = {
			isa = XCConfigurationList;
			buildConfigurations = (
				832E2C2E1E4348D5005DCB53 /* Debug */,
				832E2C2F1E4348D5005DCB53 /* Release */,
			);
			defaultConfigurationIsVisible = 0;
			defaultConfigurationName = Release;
		};
		832E2C301E4348D5005DCB53 /* Build configuration list for PBXNativeTarget "Gourmemory" */ = {
			isa = XCConfigurationList;
			buildConfigurations = (
				832E2C311E4348D5005DCB53 /* Debug */,
				832E2C321E4348D5005DCB53 /* Release */,
			);
			defaultConfigurationIsVisible = 0;
			defaultConfigurationName = Release;
		};
		832E2C331E4348D5005DCB53 /* Build configuration list for PBXNativeTarget "GourmemoryTests" */ = {
			isa = XCConfigurationList;
			buildConfigurations = (
				832E2C341E4348D5005DCB53 /* Debug */,
				832E2C351E4348D5005DCB53 /* Release */,
			);
			defaultConfigurationIsVisible = 0;
			defaultConfigurationName = Release;
		};
		832E2C361E4348D5005DCB53 /* Build configuration list for PBXNativeTarget "GourmemoryUITests" */ = {
			isa = XCConfigurationList;
			buildConfigurations = (
				832E2C371E4348D5005DCB53 /* Debug */,
				832E2C381E4348D5005DCB53 /* Release */,
			);
			defaultConfigurationIsVisible = 0;
			defaultConfigurationName = Release;
		};
/* End XCConfigurationList section */
	};
	rootObject = 832E2C001E4348D4005DCB53 /* Project object */;
}
